
Microsoft Visual Studio Solution File, Format Version 12.00
# Visual Studio 15
VisualStudioVersion = 15.0.28307.1433
MinimumVisualStudioVersion = 10.0.40219.1
Project("{FAE04EC0-301F-11D3-BF4B-00C04F79EFBC}") = "proiect_sincretic", "proiect_sincretic.csproj", "{C32B9F48-156B-47EF-A211-F56A7655E6D9}"
EndProject
Global
	GlobalSection(SolutionConfigurationPlatforms) = preSolution
		Debug|Any CPU = Debug|Any CPU
		Release|Any CPU = Release|Any CPU
	EndGlobalSection
	GlobalSection(ProjectConfigurationPlatforms) = postSolution
		{C32B9F48-156B-47EF-A211-F56A7655E6D9}.Debug|Any CPU.ActiveCfg = Debug|Any CPU
		{C32B9F48-156B-47EF-A211-F56A7655E6D9}.Debug|Any CPU.Build.0 = Debug|Any CPU
		{C32B9F48-156B-47EF-A211-F56A7655E6D9}.Release|Any CPU.ActiveCfg = Release|Any CPU
		{C32B9F48-156B-47EF-A211-F56A7655E6D9}.Release|Any CPU.Build.0 = Release|Any CPU
	EndGlobalSection
	GlobalSection(SolutionProperties) = preSolution
		HideSolutionNode = FALSE
	EndGlobalSection
	GlobalSection(ExtensibilityGlobals) = postSolution
		SolutionGuid = {C39CEF70-ED02-49C8-8E27-D18F7F93B1E5}
	EndGlobalSection
EndGlobal
